
Microsoft Visual Studio Solution File, Format Version 12.00
# Visual Studio Version 16
VisualStudioVersion = 16.0.31729.503
MinimumVisualStudioVersion = 10.0.40219.1
Project("{9092AA53-FB77-4645-B42D-1CCCA6BD08BD}") = "nhomfreefive", "nhomfreefive\nhomfreefive.njsproj", "{B42227A6-C66F-43B3-9A4F-C95F4F4C0B86}"
EndProject
Global
	GlobalSection(SolutionConfigurationPlatforms) = preSolution
		Debug|Any CPU = Debug|Any CPU
		Release|Any CPU = Release|Any CPU
	EndGlobalSection
	GlobalSection(ProjectConfigurationPlatforms) = postSolution
		{B42227A6-C66F-43B3-9A4F-C95F4F4C0B86}.Debug|Any CPU.ActiveCfg = Debug|Any CPU
		{B42227A6-C66F-43B3-9A4F-C95F4F4C0B86}.Debug|Any CPU.Build.0 = Debug|Any CPU
		{B42227A6-C66F-43B3-9A4F-C95F4F4C0B86}.Release|Any CPU.ActiveCfg = Release|Any CPU
		{B42227A6-C66F-43B3-9A4F-C95F4F4C0B86}.Release|Any CPU.Build.0 = Release|Any CPU
	EndGlobalSection
	GlobalSection(SolutionProperties) = preSolution
		HideSolutionNode = FALSE
	EndGlobalSection
	GlobalSection(ExtensibilityGlobals) = postSolution
		SolutionGuid = {01767E27-4913-4EC0-9DFF-B04A512CFF85}
	EndGlobalSection
EndGlobal
